
Microsoft Visual Studio Solution File, Format Version 12.00
# Visual Studio 15
VisualStudioVersion = 15.0.27130.2036
MinimumVisualStudioVersion = 10.0.40219.1
Project("{FAE04EC0-301F-11D3-BF4B-00C04F79EFBC}") = "Quiz_V01", "Quiz_V01\Quiz_V01.csproj", "{2CA635A8-7094-4430-899C-EE7400C1056A}"
EndProject
Project("{FAE04EC0-301F-11D3-BF4B-00C04F79EFBC}") = "UnitTestQuiz", "UnitTestQuiz\UnitTestQuiz.csproj", "{B42628E5-AAE8-4E32-AFB9-7EC26697A8FB}"
EndProject
Global
	GlobalSection(SolutionConfigurationPlatforms) = preSolution
		Debug|Any CPU = Debug|Any CPU
		Release|Any CPU = Release|Any CPU
	EndGlobalSection
	GlobalSection(ProjectConfigurationPlatforms) = postSolution
		{2CA635A8-7094-4430-899C-EE7400C1056A}.Debug|Any CPU.ActiveCfg = Debug|Any CPU
		{2CA635A8-7094-4430-899C-EE7400C1056A}.Debug|Any CPU.Build.0 = Debug|Any CPU
		{2CA635A8-7094-4430-899C-EE7400C1056A}.Release|Any CPU.ActiveCfg = Release|Any CPU
		{2CA635A8-7094-4430-899C-EE7400C1056A}.Release|Any CPU.Build.0 = Release|Any CPU
		{B42628E5-AAE8-4E32-AFB9-7EC26697A8FB}.Debug|Any CPU.ActiveCfg = Debug|Any CPU
		{B42628E5-AAE8-4E32-AFB9-7EC26697A8FB}.Debug|Any CPU.Build.0 = Debug|Any CPU
		{B42628E5-AAE8-4E32-AFB9-7EC26697A8FB}.Release|Any CPU.ActiveCfg = Release|Any CPU
		{B42628E5-AAE8-4E32-AFB9-7EC26697A8FB}.Release|Any CPU.Build.0 = Release|Any CPU
	EndGlobalSection
	GlobalSection(SolutionProperties) = preSolution
		HideSolutionNode = FALSE
	EndGlobalSection
	GlobalSection(ExtensibilityGlobals) = postSolution
		SolutionGuid = {E0884B92-0807-4986-88FD-D1F0ECC050BA}
	EndGlobalSection
EndGlobal
